
Microsoft Visual Studio Solution File, Format Version 12.00
# Visual Studio Version 16
VisualStudioVersion = 16.0.808.5
MinimumVisualStudioVersion = 10.0.40219.1
Project("{FAE04EC0-301F-11D3-BF4B-00C04F79EFBC}") = "ClassMetotDemo", "ClassMetotDemo\ClassMetotDemo.csproj", "{E91DA43B-D729-4EAA-A8CC-1F3EF4C785FD}"
EndProject
Global
	GlobalSection(SolutionConfigurationPlatforms) = preSolution
		Debug|Any CPU = Debug|Any CPU
		Release|Any CPU = Release|Any CPU
	EndGlobalSection
	GlobalSection(ProjectConfigurationPlatforms) = postSolution
		{E91DA43B-D729-4EAA-A8CC-1F3EF4C785FD}.Debug|Any CPU.ActiveCfg = Debug|Any CPU
		{E91DA43B-D729-4EAA-A8CC-1F3EF4C785FD}.Debug|Any CPU.Build.0 = Debug|Any CPU
		{E91DA43B-D729-4EAA-A8CC-1F3EF4C785FD}.Release|Any CPU.ActiveCfg = Release|Any CPU
		{E91DA43B-D729-4EAA-A8CC-1F3EF4C785FD}.Release|Any CPU.Build.0 = Release|Any CPU
	EndGlobalSection
	GlobalSection(SolutionProperties) = preSolution
		HideSolutionNode = FALSE
	EndGlobalSection
	GlobalSection(ExtensibilityGlobals) = postSolution
		SolutionGuid = {134647E8-9090-469D-8F0F-1AB5D6FABE0D}
	EndGlobalSection
EndGlobal
